
Microsoft Visual Studio Solution File, Format Version 12.00
# Visual Studio Version 17
VisualStudioVersion = 17.14.36203.30
MinimumVisualStudioVersion = 10.0.40219.1
Project("{FAE04EC0-301F-11D3-BF4B-00C04F79EFBC}") = "ChitraGupt_V2", "ChitraGupt_V2\ChitraGupt_V2.csproj", "{C34D9E7B-EA47-458B-A9CE-03E1DD52BB72}"
EndProject
Global
	GlobalSection(SolutionConfigurationPlatforms) = preSolution
		Debug|Any CPU = Debug|Any CPU
		Release|Any CPU = Release|Any CPU
	EndGlobalSection
	GlobalSection(ProjectConfigurationPlatforms) = postSolution
		{C34D9E7B-EA47-458B-A9CE-03E1DD52BB72}.Debug|Any CPU.ActiveCfg = Debug|Any CPU
		{C34D9E7B-EA47-458B-A9CE-03E1DD52BB72}.Debug|Any CPU.Build.0 = Debug|Any CPU
		{C34D9E7B-EA47-458B-A9CE-03E1DD52BB72}.Release|Any CPU.ActiveCfg = Release|Any CPU
		{C34D9E7B-EA47-458B-A9CE-03E1DD52BB72}.Release|Any CPU.Build.0 = Release|Any CPU
	EndGlobalSection
	GlobalSection(SolutionProperties) = preSolution
		HideSolutionNode = FALSE
	EndGlobalSection
	GlobalSection(ExtensibilityGlobals) = postSolution
		SolutionGuid = {9FA89C3A-84A5-43AD-8FC8-AF05BE25DEB4}
	EndGlobalSection
EndGlobal
